
Microsoft Visual Studio Solution File, Format Version 12.00
# Visual Studio Version 17
VisualStudioVersion = 17.9.34723.18
MinimumVisualStudioVersion = 10.0.40219.1
Project("{FAE04EC0-301F-11D3-BF4B-00C04F79EFBC}") = "GateSwitchWay", "GateSwitchWay.csproj", "{93221611-0D4D-44F6-8FCA-23AA4E1B03E3}"
EndProject
Global
	GlobalSection(SolutionConfigurationPlatforms) = preSolution
		Debug|Any CPU = Debug|Any CPU
		Release|Any CPU = Release|Any CPU
	EndGlobalSection
	GlobalSection(ProjectConfigurationPlatforms) = postSolution
		{93221611-0D4D-44F6-8FCA-23AA4E1B03E3}.Debug|Any CPU.ActiveCfg = Debug|Any CPU
		{93221611-0D4D-44F6-8FCA-23AA4E1B03E3}.Debug|Any CPU.Build.0 = Debug|Any CPU
		{93221611-0D4D-44F6-8FCA-23AA4E1B03E3}.Release|Any CPU.ActiveCfg = Release|Any CPU
		{93221611-0D4D-44F6-8FCA-23AA4E1B03E3}.Release|Any CPU.Build.0 = Release|Any CPU
	EndGlobalSection
	GlobalSection(SolutionProperties) = preSolution
		HideSolutionNode = FALSE
	EndGlobalSection
	GlobalSection(ExtensibilityGlobals) = postSolution
		SolutionGuid = {36B1C009-C21B-42F6-ACC8-CE8561A89ED1}
	EndGlobalSection
EndGlobal
